
Microsoft Visual Studio Solution File, Format Version 12.00
# Visual Studio Version 17
VisualStudioVersion = 17.0.32002.185
MinimumVisualStudioVersion = 10.0.40219.1
Project("{9A19103F-16F7-4668-BE54-9A1E7A4F7556}") = "MatrixMultiplication", "MatrixMultiplication\MatrixMultiplication.csproj", "{F940FDAE-52D5-459A-871B-02449FD67280}"
EndProject
Project("{FAE04EC0-301F-11D3-BF4B-00C04F79EFBC}") = "FloydAlgorithm", "FloydAlgorithm\FloydAlgorithm.csproj", "{47497CC2-406B-44C1-B549-EED8ABD23C5B}"
EndProject
Project("{FAE04EC0-301F-11D3-BF4B-00C04F79EFBC}") = "LUDecomposition", "LUDecomposition\LUDecomposition.csproj", "{E97EF8EE-AA76-43F2-AB24-F12CEA5A963F}"
EndProject
Global
	GlobalSection(SolutionConfigurationPlatforms) = preSolution
		Debug|Any CPU = Debug|Any CPU
		Release|Any CPU = Release|Any CPU
	EndGlobalSection
	GlobalSection(ProjectConfigurationPlatforms) = postSolution
		{F940FDAE-52D5-459A-871B-02449FD67280}.Debug|Any CPU.ActiveCfg = Debug|Any CPU
		{F940FDAE-52D5-459A-871B-02449FD67280}.Debug|Any CPU.Build.0 = Debug|Any CPU
		{F940FDAE-52D5-459A-871B-02449FD67280}.Release|Any CPU.ActiveCfg = Release|Any CPU
		{F940FDAE-52D5-459A-871B-02449FD67280}.Release|Any CPU.Build.0 = Release|Any CPU
		{47497CC2-406B-44C1-B549-EED8ABD23C5B}.Debug|Any CPU.ActiveCfg = Debug|Any CPU
		{47497CC2-406B-44C1-B549-EED8ABD23C5B}.Debug|Any CPU.Build.0 = Debug|Any CPU
		{47497CC2-406B-44C1-B549-EED8ABD23C5B}.Release|Any CPU.ActiveCfg = Release|Any CPU
		{47497CC2-406B-44C1-B549-EED8ABD23C5B}.Release|Any CPU.Build.0 = Release|Any CPU
		{E97EF8EE-AA76-43F2-AB24-F12CEA5A963F}.Debug|Any CPU.ActiveCfg = Debug|Any CPU
		{E97EF8EE-AA76-43F2-AB24-F12CEA5A963F}.Debug|Any CPU.Build.0 = Debug|Any CPU
		{E97EF8EE-AA76-43F2-AB24-F12CEA5A963F}.Release|Any CPU.ActiveCfg = Release|Any CPU
		{E97EF8EE-AA76-43F2-AB24-F12CEA5A963F}.Release|Any CPU.Build.0 = Release|Any CPU
	EndGlobalSection
	GlobalSection(SolutionProperties) = preSolution
		HideSolutionNode = FALSE
	EndGlobalSection
	GlobalSection(ExtensibilityGlobals) = postSolution
		SolutionGuid = {BD423210-16B8-41ED-851E-AFB3900DCB42}
	EndGlobalSection
EndGlobal
